PODS:
  - Eureka (4.2.0)
  - FSCalendar (2.7.9)

DEPENDENCIES:
  - Eureka (from `https://github.com/xmartlabs/Eureka.git`, branch `master`)
  - FSCalendar

SPEC REPOS:
  https://github.com/cocoapods/specs.git:
    - FSCalendar

EXTERNAL SOURCES:
  Eureka:
    :branch: master
    :git: https://github.com/xmartlabs/Eureka.git

CHECKOUT OPTIONS:
  Eureka:
    :commit: 864cfa640566b35b6e119d45dd748523b62fb1c7
    :git: https://github.com/xmartlabs/Eureka.git

SPEC CHECKSUMS:
  Eureka: 0748c7bbb2560130e43c7bfa83e99c98854a1f42
  FSCalendar: a04b09f16f811bc92e82f3cf852a15225233b9d5

PODFILE CHECKSUM: 6b28b8afbfc951acd3fcefe67af020bf50af7325

COCOAPODS: 1.5.3
